
Microsoft Visual Studio Solution File, Format Version 12.00
# Visual Studio Version 17
VisualStudioVersion = 17.5.33516.290
MinimumVisualStudioVersion = 10.0.40219.1
Project("{FAE04EC0-301F-11D3-BF4B-00C04F79EFBC}") = "OptimalBST", "OptimalBST\OptimalBST.csproj", "{41CDECE7-4F4E-4FD7-A6A4-FC2AD8A03EEE}"
EndProject
Global
	GlobalSection(SolutionConfigurationPlatforms) = preSolution
		Debug|Any CPU = Debug|Any CPU
		Release|Any CPU = Release|Any CPU
	EndGlobalSection
	GlobalSection(ProjectConfigurationPlatforms) = postSolution
		{41CDECE7-4F4E-4FD7-A6A4-FC2AD8A03EEE}.Debug|Any CPU.ActiveCfg = Debug|Any CPU
		{41CDECE7-4F4E-4FD7-A6A4-FC2AD8A03EEE}.Debug|Any CPU.Build.0 = Debug|Any CPU
		{41CDECE7-4F4E-4FD7-A6A4-FC2AD8A03EEE}.Release|Any CPU.ActiveCfg = Release|Any CPU
		{41CDECE7-4F4E-4FD7-A6A4-FC2AD8A03EEE}.Release|Any CPU.Build.0 = Release|Any CPU
	EndGlobalSection
	GlobalSection(SolutionProperties) = preSolution
		HideSolutionNode = FALSE
	EndGlobalSection
	GlobalSection(ExtensibilityGlobals) = postSolution
		SolutionGuid = {0EBE341B-7027-434D-A40D-1D0E5CE148DF}
	EndGlobalSection
EndGlobal
